// !$*UTF8*$!
{
	archiveVersion = 1;
	classes = {
	};
	objectVersion = 50;
	objects = {

/* Begin PBXBuildFile section */
		831AD9632071888000DBAC7C /* yoda.pal in Resources */ = {isa = PBXBuildFile; fileRef = 83243FDC2071297F00C6B4AE /* yoda.pal */; };
		831AD9642071888000DBAC7C /* yoda.data in Resources */ = {isa = PBXBuildFile; fileRef = 83243FE12071297F00C6B4AE /* yoda.data */; };
		831AD9652071888000DBAC7C /* indy.pal in Resources */ = {isa = PBXBuildFile; fileRef = 83243FE22071297F00C6B4AE /* indy.pal */; };
		83243FCE2071293000C6B4AE /* GenerateThumbnailForURL.c in Sources */ = {isa = PBXBuildFile; fileRef = 83243FCD2071293000C6B4AE /* GenerateThumbnailForURL.c */; };
		83243FD02071293000C6B4AE /* GeneratePreviewForURL.c in Sources */ = {isa = PBXBuildFile; fileRef = 83243FCF2071293000C6B4AE /* GeneratePreviewForURL.c */; };
		83243FD22071293000C6B4AE /* main.c in Sources */ = {isa = PBXBuildFile; fileRef = 83243FD12071293000C6B4AE /* main.c */; };
/* End PBXBuildFile section */

/* Begin PBXFileReference section */
		83243FCA2071293000C6B4AE /* webfun-preview.qlgenerator */ = {isa = PBXFileReference; explicitFileType = wrapper.cfbundle; includeInIndex = 0; path = "webfun-preview.qlgenerator"; sourceTree = BUILT_PRODUCTS_DIR; };
		83243FCD2071293000C6B4AE /* GenerateThumbnailForURL.c */ = {isa = PBXFileReference; lastKnownFileType = sourcecode.c.c; path = GenerateThumbnailForURL.c; sourceTree = "<group>"; };
		83243FCF2071293000C6B4AE /* GeneratePreviewForURL.c */ = {isa = PBXFileReference; lastKnownFileType = sourcecode.c.c; path = GeneratePreviewForURL.c; sourceTree = "<group>"; };
		83243FD12071293000C6B4AE /* main.c */ = {isa = PBXFileReference; lastKnownFileType = sourcecode.c.c; path = main.c; sourceTree = "<group>"; };
		83243FDC2071297F00C6B4AE /* yoda.pal */ = {isa = PBXFileReference; lastKnownFileType = file; path = yoda.pal; sourceTree = "<group>"; };
		83243FDE2071297F00C6B4AE /* sample-3.wld */ = {isa = PBXFileReference; lastKnownFileType = file; path = "sample-3.wld"; sourceTree = "<group>"; };
		83243FDF2071297F00C6B4AE /* sample-2.wld */ = {isa = PBXFileReference; lastKnownFileType = file; path = "sample-2.wld"; sourceTree = "<group>"; };
		83243FE02071297F00C6B4AE /* sample-1.wld */ = {isa = PBXFileReference; lastKnownFileType = file; path = "sample-1.wld"; sourceTree = "<group>"; };
		83243FE12071297F00C6B4AE /* yoda.data */ = {isa = PBXFileReference; lastKnownFileType = file; path = yoda.data; sourceTree = "<group>"; };
		83243FE22071297F00C6B4AE /* indy.pal */ = {isa = PBXFileReference; lastKnownFileType = file; path = indy.pal; sourceTree = "<group>"; };
		83243FE32071297F00C6B4AE /* Info.plist */ = {isa = PBXFileReference; fileEncoding = 4; lastKnownFileType = text.plist.xml; path = Info.plist; sourceTree = "<group>"; };
/* End PBXFileReference section */

/* Begin PBXFrameworksBuildPhase section */
		83243FC62071293000C6B4AE /* Frameworks */ = {
			isa = PBXFrameworksBuildPhase;
			buildActionMask = 2147483647;
			files = (
			);
			runOnlyForDeploymentPostprocessing = 0;
		};
/* End PBXFrameworksBuildPhase section */

/* Begin PBXGroup section */
		83243FC02071293000C6B4AE = {
			isa = PBXGroup;
			children = (
				83243FDB2071297F00C6B4AE /* assets */,
				83243FCC2071293000C6B4AE /* src */,
				83243FCB2071293000C6B4AE /* Products */,
				832440092071547D00C6B4AE /* Frameworks */,
			);
			sourceTree = "<group>";
		};
		83243FCB2071293000C6B4AE /* Products */ = {
			isa = PBXGroup;
			children = (
				83243FCA2071293000C6B4AE /* webfun-preview.qlgenerator */,
			);
			name = Products;
			sourceTree = "<group>";
		};
		83243FCC2071293000C6B4AE /* src */ = {
			isa = PBXGroup;
			children = (
				83243FCD2071293000C6B4AE /* GenerateThumbnailForURL.c */,
				83243FCF2071293000C6B4AE /* GeneratePreviewForURL.c */,
				83243FD12071293000C6B4AE /* main.c */,
			);
			path = src;
			sourceTree = "<group>";
		};
		83243FDB2071297F00C6B4AE /* assets */ = {
			isa = PBXGroup;
			children = (
				83243FDC2071297F00C6B4AE /* yoda.pal */,
				83243FDD2071297F00C6B4AE /* save-games */,
				83243FE12071297F00C6B4AE /* yoda.data */,
				83243FE22071297F00C6B4AE /* indy.pal */,
				83243FE32071297F00C6B4AE /* Info.plist */,
			);
			path = assets;
			sourceTree = "<group>";
		};
		83243FDD2071297F00C6B4AE /* save-games */ = {
			isa = PBXGroup;
			children = (
				83243FDE2071297F00C6B4AE /* sample-3.wld */,
				83243FDF2071297F00C6B4AE /* sample-2.wld */,
				83243FE02071297F00C6B4AE /* sample-1.wld */,
			);
			path = "save-games";
			sourceTree = "<group>";
		};
		832440092071547D00C6B4AE /* Frameworks */ = {
			isa = PBXGroup;
			children = (
			);
			name = Frameworks;
			sourceTree = "<group>";
		};
/* End PBXGroup section */

/* Begin PBXHeadersBuildPhase section */
		83243FC72071293000C6B4AE /* Headers */ = {
			isa = PBXHeadersBuildPhase;
			buildActionMask = 2147483647;
			files = (
			);
			runOnlyForDeploymentPostprocessing = 0;
		};
/* End PBXHeadersBuildPhase section */

/* Begin PBXNativeTarget section */
		83243FC92071293000C6B4AE /* webfun-preview */ = {
			isa = PBXNativeTarget;
			buildConfigurationList = 83243FD62071293000C6B4AE /* Build configuration list for PBXNativeTarget "webfun-preview" */;
			buildPhases = (
				832440082071541A00C6B4AE /* Build Library */,
				831AD96620718A9600DBAC7C /* Fetch Game Data */,
				83243FC52071293000C6B4AE /* Sources */,
				83243FC62071293000C6B4AE /* Frameworks */,
				83243FC72071293000C6B4AE /* Headers */,
				83243FC82071293000C6B4AE /* Resources */,
			);
			buildRules = (
			);
			dependencies = (
			);
			name = "webfun-preview";
			productName = "webfun-preview";
			productReference = 83243FCA2071293000C6B4AE /* webfun-preview.qlgenerator */;
			productType = "com.apple.product-type.bundle";
		};
/* End PBXNativeTarget section */

/* Begin PBXProject section */
		83243FC12071293000C6B4AE /* Project object */ = {
			isa = PBXProject;
			attributes = {
				LastUpgradeCheck = 0930;
				ORGANIZATIONNAME = "Christoph Leimbrock";
				TargetAttributes = {
					83243FC92071293000C6B4AE = {
						CreatedOnToolsVersion = 9.3;
					};
				};
			};
			buildConfigurationList = 83243FC42071293000C6B4AE /* Build configuration list for PBXProject "webfun-preview" */;
			compatibilityVersion = "Xcode 9.3";
			developmentRegion = en;
			hasScannedForEncodings = 0;
			knownRegions = (
				en,
			);
			mainGroup = 83243FC02071293000C6B4AE;
			productRefGroup = 83243FCB2071293000C6B4AE /* Products */;
			projectDirPath = "";
			projectRoot = "";
			targets = (
				83243FC92071293000C6B4AE /* webfun-preview */,
			);
		};
/* End PBXProject section */

/* Begin PBXResourcesBuildPhase section */
		83243FC82071293000C6B4AE /* Resources */ = {
			isa = PBXResourcesBuildPhase;
			buildActionMask = 2147483647;
			files = (
				831AD9632071888000DBAC7C /* yoda.pal in Resources */,
				831AD9642071888000DBAC7C /* yoda.data in Resources */,
				831AD9652071888000DBAC7C /* indy.pal in Resources */,
			);
			runOnlyForDeploymentPostprocessing = 0;
		};
/* End PBXResourcesBuildPhase section */

/* Begin PBXShellScriptBuildPhase section */
		831AD96620718A9600DBAC7C /* Fetch Game Data */ = {
			isa = PBXShellScriptBuildPhase;
			buildActionMask = 2147483647;
			files = (
			);
			inputPaths = (
			);
			name = "Fetch Game Data";
			outputPaths = (
			);
			runOnlyForDeploymentPostprocessing = 0;
			shellPath = /bin/sh;
			shellScript = "";
		};
		832440082071541A00C6B4AE /* Build Library */ = {
			isa = PBXShellScriptBuildPhase;
			buildActionMask = 2147483647;
			files = (
			);
			inputPaths = (
			);
			name = "Build Library";
			outputPaths = (
			);
			runOnlyForDeploymentPostprocessing = 0;
			shellPath = /bin/bash;
			shellScript = "if [[ \"$CONFIGURATION\" == \"Debug\" ]]; then\n    $HOME/.cargo/bin/cargo build\nelse\n    $HOME/.cargo/bin/cargo build --release\nfi\n";
		};
/* End PBXShellScriptBuildPhase section */

/* Begin PBXSourcesBuildPhase section */
		83243FC52071293000C6B4AE /* Sources */ = {
			isa = PBXSourcesBuildPhase;
			buildActionMask = 2147483647;
			files = (
				83243FCE2071293000C6B4AE /* GenerateThumbnailForURL.c in Sources */,
				83243FD02071293000C6B4AE /* GeneratePreviewForURL.c in Sources */,
				83243FD22071293000C6B4AE /* main.c in Sources */,
			);
			runOnlyForDeploymentPostprocessing = 0;
		};
/* End PBXSourcesBuildPhase section */

/* Begin XCBuildConfiguration section */
		83243FD42071293000C6B4AE /* Debug */ = {
			isa = XCBuildConfiguration;
			buildSettings = {
				ALWAYS_SEARCH_USER_PATHS = NO;
				CLANG_ANALYZER_NONNULL = YES;
				CLANG_ANALYZER_NUMBER_OBJECT_CONVERSION = YES_AGGRESSIVE;
				CLANG_CXX_LANGUAGE_STANDARD = "gnu++14";
				CLANG_CXX_LIBRARY = "libc++";
				CLANG_ENABLE_MODULES = YES;
				CLANG_ENABLE_OBJC_ARC = YES;
				CLANG_ENABLE_OBJC_WEAK = YES;
				CLANG_WARN_BLOCK_CAPTURE_AUTORELEASING = YES;
				CLANG_WARN_BOOL_CONVERSION = YES;
				CLANG_WARN_COMMA = YES;
				CLANG_WARN_CONSTANT_CONVERSION = YES;
				CLANG_WARN_DEPRECATED_OBJC_IMPLEMENTATIONS = YES;
				CLANG_WARN_DIRECT_OBJC_ISA_USAGE = YES_ERROR;
				CLANG_WARN_DOCUMENTATION_COMMENTS = YES;
				CLANG_WARN_EMPTY_BODY = YES;
				CLANG_WARN_ENUM_CONVERSION = YES;
				CLANG_WARN_INFINITE_RECURSION = YES;
				CLANG_WARN_INT_CONVERSION = YES;
				CLANG_WARN_NON_LITERAL_NULL_CONVERSION = YES;
				CLANG_WARN_OBJC_IMPLICIT_RETAIN_SELF = YES;
				CLANG_WARN_OBJC_LITERAL_CONVERSION = YES;
				CLANG_WARN_OBJC_ROOT_CLASS = YES_ERROR;
				CLANG_WARN_RANGE_LOOP_ANALYSIS = YES;
				CLANG_WARN_STRICT_PROTOTYPES = YES;
				CLANG_WARN_SUSPICIOUS_MOVE = YES;
				CLANG_WARN_UNGUARDED_AVAILABILITY = YES_AGGRESSIVE;
				CLANG_WARN_UNREACHABLE_CODE = YES;
				CLANG_WARN__DUPLICATE_METHOD_MATCH = YES;
				CODE_SIGN_IDENTITY = "-";
				COPY_PHASE_STRIP = NO;
				DEBUG_INFORMATION_FORMAT = dwarf;
				ENABLE_STRICT_OBJC_MSGSEND = YES;
				ENABLE_TESTABILITY = YES;
				GCC_C_LANGUAGE_STANDARD = gnu11;
				GCC_DYNAMIC_NO_PIC = NO;
				GCC_NO_COMMON_BLOCKS = YES;
				GCC_OPTIMIZATION_LEVEL = 0;
				GCC_PREPROCESSOR_DEFINITIONS = (
					"DEBUG=1",
					"$(inherited)",
				);
				GCC_WARN_64_TO_32_BIT_CONVERSION = YES;
				GCC_WARN_ABOUT_RETURN_TYPE = YES_ERROR;
				GCC_WARN_UNDECLARED_SELECTOR = YES;
				GCC_WARN_UNINITIALIZED_AUTOS = YES_AGGRESSIVE;
				GCC_WARN_UNUSED_FUNCTION = YES;
				GCC_WARN_UNUSED_VARIABLE = YES;
				MACOSX_DEPLOYMENT_TARGET = 10.13;
				MTL_ENABLE_DEBUG_INFO = YES;
				ONLY_ACTIVE_ARCH = YES;
				SDKROOT = macosx;
			};
			name = Debug;
		};
		83243FD52071293000C6B4AE /* Release */ = {
			isa = XCBuildConfiguration;
			buildSettings = {
				ALWAYS_SEARCH_USER_PATHS = NO;
				CLANG_ANALYZER_NONNULL = YES;
				CLANG_ANALYZER_NUMBER_OBJECT_CONVERSION = YES_AGGRESSIVE;
				CLANG_CXX_LANGUAGE_STANDARD = "gnu++14";
				CLANG_CXX_LIBRARY = "libc++";
				CLANG_ENABLE_MODULES = YES;
				CLANG_ENABLE_OBJC_ARC = YES;
				CLANG_ENABLE_OBJC_WEAK = YES;
				CLANG_WARN_BLOCK_CAPTURE_AUTORELEASING = YES;
				CLANG_WARN_BOOL_CONVERSION = YES;
				CLANG_WARN_COMMA = YES;
				CLANG_WARN_CONSTANT_CONVERSION = YES;
				CLANG_WARN_DEPRECATED_OBJC_IMPLEMENTATIONS = YES;
				CLANG_WARN_DIRECT_OBJC_ISA_USAGE = YES_ERROR;
				CLANG_WARN_DOCUMENTATION_COMMENTS = YES;
				CLANG_WARN_EMPTY_BODY = YES;
				CLANG_WARN_ENUM_CONVERSION = YES;
				CLANG_WARN_INFINITE_RECURSION = YES;
				CLANG_WARN_INT_CONVERSION = YES;
				CLANG_WARN_NON_LITERAL_NULL_CONVERSION = YES;
				CLANG_WARN_OBJC_IMPLICIT_RETAIN_SELF = YES;
				CLANG_WARN_OBJC_LITERAL_CONVERSION = YES;
				CLANG_WARN_OBJC_ROOT_CLASS = YES_ERROR;
				CLANG_WARN_RANGE_LOOP_ANALYSIS = YES;
				CLANG_WARN_STRICT_PROTOTYPES = YES;
				CLANG_WARN_SUSPICIOUS_MOVE = YES;
				CLANG_WARN_UNGUARDED_AVAILABILITY = YES_AGGRESSIVE;
				CLANG_WARN_UNREACHABLE_CODE = YES;
				CLANG_WARN__DUPLICATE_METHOD_MATCH = YES;
				CODE_SIGN_IDENTITY = "-";
				COPY_PHASE_STRIP = NO;
				DEBUG_INFORMATION_FORMAT = "dwarf-with-dsym";
				ENABLE_NS_ASSERTIONS = NO;
				ENABLE_STRICT_OBJC_MSGSEND = YES;
				GCC_C_LANGUAGE_STANDARD = gnu11;
				GCC_NO_COMMON_BLOCKS = YES;
				GCC_WARN_64_TO_32_BIT_CONVERSION = YES;
				GCC_WARN_ABOUT_RETURN_TYPE = YES_ERROR;
				GCC_WARN_UNDECLARED_SELECTOR = YES;
				GCC_WARN_UNINITIALIZED_AUTOS = YES_AGGRESSIVE;
				GCC_WARN_UNUSED_FUNCTION = YES;
				GCC_WARN_UNUSED_VARIABLE = YES;
				MACOSX_DEPLOYMENT_TARGET = 10.13;
				MTL_ENABLE_DEBUG_INFO = NO;
				SDKROOT = macosx;
			};
			name = Release;
		};
		83243FD72071293000C6B4AE /* Debug */ = {
			isa = XCBuildConfiguration;
			buildSettings = {
				CODE_SIGN_STYLE = Automatic;
				COMBINE_HIDPI_IMAGES = YES;
				INFOPLIST_FILE = assets/Info.plist;
				INSTALL_PATH = /Library/QuickLook;
				LIBRARY_SEARCH_PATHS = (
					"$(inherited)",
					"$(PROJECT_DIR)/target/debug",
				);
				OTHER_LDFLAGS = "-lwebfun_preview";
				PRODUCT_BUNDLE_IDENTIFIER = de.ccl.webfun.qlgenerator;
				PRODUCT_NAME = "$(TARGET_NAME)";
				WRAPPER_EXTENSION = qlgenerator;
			};
			name = Debug;
		};
		83243FD82071293000C6B4AE /* Release */ = {
			isa = XCBuildConfiguration;
			buildSettings = {
				CODE_SIGN_STYLE = Automatic;
				COMBINE_HIDPI_IMAGES = YES;
				INFOPLIST_FILE = assets/Info.plist;
				INSTALL_PATH = /Library/QuickLook;
				LIBRARY_SEARCH_PATHS = (
					"$(inherited)",
					"$(PROJECT_DIR)/target/release",
				);
				OTHER_LDFLAGS = "-lwebfun_preview";
				PRODUCT_BUNDLE_IDENTIFIER = de.ccl.webfun.qlgenerator;
				PRODUCT_NAME = "$(TARGET_NAME)";
				WRAPPER_EXTENSION = qlgenerator;
			};
			name = Release;
		};
/* End XCBuildConfiguration section */

/* Begin XCConfigurationList section */
		83243FC42071293000C6B4AE /* Build configuration list for PBXProject "webfun-preview" */ = {
			isa = XCConfigurationList;
			buildConfigurations = (
				83243FD42071293000C6B4AE /* Debug */,
				83243FD52071293000C6B4AE /* Release */,
			);
			defaultConfigurationIsVisible = 0;
			defaultConfigurationName = Release;
		};
		83243FD62071293000C6B4AE /* Build configuration list for PBXNativeTarget "webfun-preview" */ = {
			isa = XCConfigurationList;
			buildConfigurations = (
				83243FD72071293000C6B4AE /* Debug */,
				83243FD82071293000C6B4AE /* Release */,
			);
			defaultConfigurationIsVisible = 0;
			defaultConfigurationName = Release;
		};
/* End XCConfigurationList section */
	};
	rootObject = 83243FC12071293000C6B4AE /* Project object */;
}
